
Microsoft Visual Studio Solution File, Format Version 12.00
# Visual Studio Version 17
VisualStudioVersion = 17.8.34525.116
MinimumVisualStudioVersion = 10.0.40219.1
Project("{FAE04EC0-301F-11D3-BF4B-00C04F79EFBC}") = "WindowsFormsApp8", "WindowsFormsApp8\WindowsFormsApp8.csproj", "{EAD8C3BA-98C8-46BA-B796-2BE991F874A4}"
EndProject
Global
	GlobalSection(SolutionConfigurationPlatforms) = preSolution
		Debug|Any CPU = Debug|Any CPU
		Release|Any CPU = Release|Any CPU
	EndGlobalSection
	GlobalSection(ProjectConfigurationPlatforms) = postSolution
		{EAD8C3BA-98C8-46BA-B796-2BE991F874A4}.Debug|Any CPU.ActiveCfg = Debug|Any CPU
		{EAD8C3BA-98C8-46BA-B796-2BE991F874A4}.Debug|Any CPU.Build.0 = Debug|Any CPU
		{EAD8C3BA-98C8-46BA-B796-2BE991F874A4}.Release|Any CPU.ActiveCfg = Release|Any CPU
		{EAD8C3BA-98C8-46BA-B796-2BE991F874A4}.Release|Any CPU.Build.0 = Release|Any CPU
	EndGlobalSection
	GlobalSection(SolutionProperties) = preSolution
		HideSolutionNode = FALSE
	EndGlobalSection
	GlobalSection(ExtensibilityGlobals) = postSolution
		SolutionGuid = {6D7CC513-3BAB-4902-8F7A-4F7FE8A613C4}
	EndGlobalSection
EndGlobal
