
Microsoft Visual Studio Solution File, Format Version 12.00
# Visual Studio Version 17
VisualStudioVersion = 17.8.34525.116
MinimumVisualStudioVersion = 10.0.40219.1
Project("{FAE04EC0-301F-11D3-BF4B-00C04F79EFBC}") = "WinFormsApp1", "WinFormsApp1\WinFormsApp1.csproj", "{B37B4537-4989-41A3-B08D-BFC8F01111BB}"
EndProject
Global
	GlobalSection(SolutionConfigurationPlatforms) = preSolution
		Debug|Any CPU = Debug|Any CPU
		Release|Any CPU = Release|Any CPU
	EndGlobalSection
	GlobalSection(ProjectConfigurationPlatforms) = postSolution
		{B37B4537-4989-41A3-B08D-BFC8F01111BB}.Debug|Any CPU.ActiveCfg = Debug|Any CPU
		{B37B4537-4989-41A3-B08D-BFC8F01111BB}.Debug|Any CPU.Build.0 = Debug|Any CPU
		{B37B4537-4989-41A3-B08D-BFC8F01111BB}.Release|Any CPU.ActiveCfg = Release|Any CPU
		{B37B4537-4989-41A3-B08D-BFC8F01111BB}.Release|Any CPU.Build.0 = Release|Any CPU
	EndGlobalSection
	GlobalSection(SolutionProperties) = preSolution
		HideSolutionNode = FALSE
	EndGlobalSection
	GlobalSection(ExtensibilityGlobals) = postSolution
		SolutionGuid = {F5D821F6-B6B8-44F5-BFBC-25742F77F7DD}
	EndGlobalSection
EndGlobal
