
Microsoft Visual Studio Solution File, Format Version 12.00
# Visual Studio Version 17
VisualStudioVersion = 17.8.34525.116
MinimumVisualStudioVersion = 10.0.40219.1
Project("{FAE04EC0-301F-11D3-BF4B-00C04F79EFBC}") = "lab4", "lab4\lab4.csproj", "{E223B35F-C669-4F05-9BE5-C1C94315811F}"
EndProject
Global
	GlobalSection(SolutionConfigurationPlatforms) = preSolution
		Debug|Any CPU = Debug|Any CPU
		Release|Any CPU = Release|Any CPU
	EndGlobalSection
	GlobalSection(ProjectConfigurationPlatforms) = postSolution
		{E223B35F-C669-4F05-9BE5-C1C94315811F}.Debug|Any CPU.ActiveCfg = Debug|Any CPU
		{E223B35F-C669-4F05-9BE5-C1C94315811F}.Debug|Any CPU.Build.0 = Debug|Any CPU
		{E223B35F-C669-4F05-9BE5-C1C94315811F}.Release|Any CPU.ActiveCfg = Release|Any CPU
		{E223B35F-C669-4F05-9BE5-C1C94315811F}.Release|Any CPU.Build.0 = Release|Any CPU
	EndGlobalSection
	GlobalSection(SolutionProperties) = preSolution
		HideSolutionNode = FALSE
	EndGlobalSection
	GlobalSection(ExtensibilityGlobals) = postSolution
		SolutionGuid = {E7318055-8C36-44A2-B66B-056BEB566E32}
	EndGlobalSection
EndGlobal
