
Microsoft Visual Studio Solution File, Format Version 12.00
# Visual Studio Version 17
VisualStudioVersion = 17.8.34525.116
MinimumVisualStudioVersion = 10.0.40219.1
Project("{FAE04EC0-301F-11D3-BF4B-00C04F79EFBC}") = "ConsoleApp4", "ConsoleApp4\ConsoleApp4.csproj", "{AFA83001-5BC5-4DC3-889D-21B12C8685AA}"
EndProject
Global
	GlobalSection(SolutionConfigurationPlatforms) = preSolution
		Debug|Any CPU = Debug|Any CPU
		Release|Any CPU = Release|Any CPU
	EndGlobalSection
	GlobalSection(ProjectConfigurationPlatforms) = postSolution
		{AFA83001-5BC5-4DC3-889D-21B12C8685AA}.Debug|Any CPU.ActiveCfg = Debug|Any CPU
		{AFA83001-5BC5-4DC3-889D-21B12C8685AA}.Debug|Any CPU.Build.0 = Debug|Any CPU
		{AFA83001-5BC5-4DC3-889D-21B12C8685AA}.Release|Any CPU.ActiveCfg = Release|Any CPU
		{AFA83001-5BC5-4DC3-889D-21B12C8685AA}.Release|Any CPU.Build.0 = Release|Any CPU
	EndGlobalSection
	GlobalSection(SolutionProperties) = preSolution
		HideSolutionNode = FALSE
	EndGlobalSection
	GlobalSection(ExtensibilityGlobals) = postSolution
		SolutionGuid = {F12B54BC-2290-4AE4-A5B7-8B11EFF3AD65}
	EndGlobalSection
EndGlobal
